
Microsoft Visual Studio Solution File, Format Version 12.00
# Visual Studio Version 17
VisualStudioVersion = 17.7.34202.233
MinimumVisualStudioVersion = 10.0.40219.1
Project("{FAE04EC0-301F-11D3-BF4B-00C04F79EFBC}") = "MoneyCorp", "MoneyCorp\MoneyCorp.csproj", "{3081B5EE-8ACB-4CB4-A796-95BCCBC09809}"
EndProject
Global
	GlobalSection(SolutionConfigurationPlatforms) = preSolution
		Debug|Any CPU = Debug|Any CPU
		Release|Any CPU = Release|Any CPU
	EndGlobalSection
	GlobalSection(ProjectConfigurationPlatforms) = postSolution
		{3081B5EE-8ACB-4CB4-A796-95BCCBC09809}.Debug|Any CPU.ActiveCfg = Debug|Any CPU
		{3081B5EE-8ACB-4CB4-A796-95BCCBC09809}.Debug|Any CPU.Build.0 = Debug|Any CPU
		{3081B5EE-8ACB-4CB4-A796-95BCCBC09809}.Release|Any CPU.ActiveCfg = Release|Any CPU
		{3081B5EE-8ACB-4CB4-A796-95BCCBC09809}.Release|Any CPU.Build.0 = Release|Any CPU
	EndGlobalSection
	GlobalSection(SolutionProperties) = preSolution
		HideSolutionNode = FALSE
	EndGlobalSection
	GlobalSection(ExtensibilityGlobals) = postSolution
		SolutionGuid = {504552A8-E38C-45ED-91AF-5A178CF92352}
	EndGlobalSection
EndGlobal
